
Microsoft Visual Studio Solution File, Format Version 12.00
# Visual Studio Version 17
VisualStudioVersion = 17.13.35825.156 d17.13
MinimumVisualStudioVersion = 10.0.40219.1
Project("{FAE04EC0-301F-11D3-BF4B-00C04F79EFBC}") = "EPAMSYSTEM", "EPAMSYSTEM\EPAMSYSTEM.csproj", "{96263937-975A-4F5F-8CB6-6B8E4C9CECB2}"
EndProject
Global
	GlobalSection(SolutionConfigurationPlatforms) = preSolution
		Debug|Any CPU = Debug|Any CPU
		Release|Any CPU = Release|Any CPU
	EndGlobalSection
	GlobalSection(ProjectConfigurationPlatforms) = postSolution
		{96263937-975A-4F5F-8CB6-6B8E4C9CECB2}.Debug|Any CPU.ActiveCfg = Debug|Any CPU
		{96263937-975A-4F5F-8CB6-6B8E4C9CECB2}.Debug|Any CPU.Build.0 = Debug|Any CPU
		{96263937-975A-4F5F-8CB6-6B8E4C9CECB2}.Release|Any CPU.ActiveCfg = Release|Any CPU
		{96263937-975A-4F5F-8CB6-6B8E4C9CECB2}.Release|Any CPU.Build.0 = Release|Any CPU
	EndGlobalSection
	GlobalSection(SolutionProperties) = preSolution
		HideSolutionNode = FALSE
	EndGlobalSection
	GlobalSection(ExtensibilityGlobals) = postSolution
		SolutionGuid = {B05415E6-AF65-4790-BB31-B58F2C3B83B2}
	EndGlobalSection
EndGlobal
